
Microsoft Visual Studio Solution File, Format Version 12.00
# Visual Studio 15
VisualStudioVersion = 15.0.28307.102
MinimumVisualStudioVersion = 10.0.40219.1
Project("{FAE04EC0-301F-11D3-BF4B-00C04F79EFBC}") = "Servers", "Servers\Servers.csproj", "{550E413F-355D-4BA3-A300-0D13FE8FF2FF}"
EndProject
Global
	GlobalSection(SolutionConfigurationPlatforms) = preSolution
		Debug|Any CPU = Debug|Any CPU
		Release|Any CPU = Release|Any CPU
	EndGlobalSection
	GlobalSection(ProjectConfigurationPlatforms) = postSolution
		{550E413F-355D-4BA3-A300-0D13FE8FF2FF}.Debug|Any CPU.ActiveCfg = Debug|Any CPU
		{550E413F-355D-4BA3-A300-0D13FE8FF2FF}.Debug|Any CPU.Build.0 = Debug|Any CPU
		{550E413F-355D-4BA3-A300-0D13FE8FF2FF}.Release|Any CPU.ActiveCfg = Release|Any CPU
		{550E413F-355D-4BA3-A300-0D13FE8FF2FF}.Release|Any CPU.Build.0 = Release|Any CPU
	EndGlobalSection
	GlobalSection(SolutionProperties) = preSolution
		HideSolutionNode = FALSE
	EndGlobalSection
	GlobalSection(ExtensibilityGlobals) = postSolution
		SolutionGuid = {2D3BC8F1-56B8-4731-BA10-823A6C8C250B}
	EndGlobalSection
EndGlobal
