
Microsoft Visual Studio Solution File, Format Version 12.00
# Visual Studio 15
VisualStudioVersion = 15.0.28307.102
MinimumVisualStudioVersion = 10.0.40219.1
Project("{FAE04EC0-301F-11D3-BF4B-00C04F79EFBC}") = "Backuper", "Backuper\Backuper.csproj", "{088F28AF-4686-42F9-B579-54A214737585}"
EndProject
Global
	GlobalSection(SolutionConfigurationPlatforms) = preSolution
		Debug|Any CPU = Debug|Any CPU
		Release|Any CPU = Release|Any CPU
	EndGlobalSection
	GlobalSection(ProjectConfigurationPlatforms) = postSolution
		{088F28AF-4686-42F9-B579-54A214737585}.Debug|Any CPU.ActiveCfg = Debug|Any CPU
		{088F28AF-4686-42F9-B579-54A214737585}.Debug|Any CPU.Build.0 = Debug|Any CPU
		{088F28AF-4686-42F9-B579-54A214737585}.Release|Any CPU.ActiveCfg = Release|Any CPU
		{088F28AF-4686-42F9-B579-54A214737585}.Release|Any CPU.Build.0 = Release|Any CPU
	EndGlobalSection
	GlobalSection(SolutionProperties) = preSolution
		HideSolutionNode = FALSE
	EndGlobalSection
	GlobalSection(ExtensibilityGlobals) = postSolution
		SolutionGuid = {687FD93B-B7E2-4BD7-9B87-5DA3D5583580}
	EndGlobalSection
EndGlobal
